
Microsoft Visual Studio Solution File, Format Version 12.00
# Visual Studio Version 16
VisualStudioVersion = 16.0.33214.272
MinimumVisualStudioVersion = 10.0.40219.1
Project("{FAE04EC0-301F-11D3-BF4B-00C04F79EFBC}") = "практика 12 4 вариант", "практика 12 4 вариант\практика 12 4 вариант.csproj", "{31C8C90E-A3C2-4656-B16E-E92114E626BD}"
EndProject
Global
	GlobalSection(SolutionConfigurationPlatforms) = preSolution
		Debug|Any CPU = Debug|Any CPU
		Release|Any CPU = Release|Any CPU
	EndGlobalSection
	GlobalSection(ProjectConfigurationPlatforms) = postSolution
		{31C8C90E-A3C2-4656-B16E-E92114E626BD}.Debug|Any CPU.ActiveCfg = Debug|Any CPU
		{31C8C90E-A3C2-4656-B16E-E92114E626BD}.Debug|Any CPU.Build.0 = Debug|Any CPU
		{31C8C90E-A3C2-4656-B16E-E92114E626BD}.Release|Any CPU.ActiveCfg = Release|Any CPU
		{31C8C90E-A3C2-4656-B16E-E92114E626BD}.Release|Any CPU.Build.0 = Release|Any CPU
	EndGlobalSection
	GlobalSection(SolutionProperties) = preSolution
		HideSolutionNode = FALSE
	EndGlobalSection
	GlobalSection(ExtensibilityGlobals) = postSolution
		SolutionGuid = {8BD0BC05-8A91-41CE-A296-FBBD276D01BE}
	EndGlobalSection
EndGlobal
